
Microsoft Visual Studio Solution File, Format Version 12.00
# Visual Studio Version 17
VisualStudioVersion = 17.14.36616.10 d17.14
MinimumVisualStudioVersion = 10.0.40219.1
Project("{FAE04EC0-301F-11D3-BF4B-00C04F79EFBC}") = "PizzaToPizza", "PizzaToPizza\PizzaToPizza.csproj", "{18B95F53-8CF8-4E1E-A036-7B2238571EED}"
EndProject
Global
	GlobalSection(SolutionConfigurationPlatforms) = preSolution
		Debug|Any CPU = Debug|Any CPU
		Release|Any CPU = Release|Any CPU
	EndGlobalSection
	GlobalSection(ProjectConfigurationPlatforms) = postSolution
		{18B95F53-8CF8-4E1E-A036-7B2238571EED}.Debug|Any CPU.ActiveCfg = Debug|Any CPU
		{18B95F53-8CF8-4E1E-A036-7B2238571EED}.Debug|Any CPU.Build.0 = Debug|Any CPU
		{18B95F53-8CF8-4E1E-A036-7B2238571EED}.Release|Any CPU.ActiveCfg = Release|Any CPU
		{18B95F53-8CF8-4E1E-A036-7B2238571EED}.Release|Any CPU.Build.0 = Release|Any CPU
	EndGlobalSection
	GlobalSection(SolutionProperties) = preSolution
		HideSolutionNode = FALSE
	EndGlobalSection
	GlobalSection(ExtensibilityGlobals) = postSolution
		SolutionGuid = {510F6EBE-04D1-4F98-AC8C-728B2101ECFA}
	EndGlobalSection
EndGlobal
